<?xml version="1.0" encoding="UTF-8" standalone="yes" ?>
<CodeBlocks_project_file>
	<FileVersion major="1" minor="6" />
	<Project>
		<Option title="horus_eye" />
		<Option pch_mode="2" />
		<Option compiler="gcc" />
		<Build>
			<Target title="Debug">
				<Option output="bin\Debug\horus_eye" prefix_auto="1" extension_auto="1" />
				<Option object_output="obj\Debug\" />
				<Option type="1" />
				<Option compiler="gcc" />
				<Compiler>
					<Add option="-g" />
				</Compiler>
			</Target>
			<Target title="Release">
				<Option output="bin\Release\horus_eye" prefix_auto="1" extension_auto="1" />
				<Option object_output="obj\Release\" />
				<Option type="1" />
				<Option compiler="gcc" />
				<Compiler>
					<Add option="-O2" />
				</Compiler>
				<Linker>
					<Add option="-s" />
				</Linker>
			</Target>
		</Build>
		<Compiler>
			<Add option="-Wall" />
		</Compiler>
		<Linker>
			<Add option="-lmingw32 -lSDL -lSDLmain" />
		</Linker>
		<Unit filename="..\src\framework\animation.cc" />
		<Unit filename="..\src\framework\animation.h" />
		<Unit filename="..\src\framework\engine.cc" />
		<Unit filename="..\src\framework\engine.h" />
		<Unit filename="..\src\framework\frame.cc" />
		<Unit filename="..\src\framework\frame.h" />
		<Unit filename="..\src\framework\image.cc" />
		<Unit filename="..\src\framework\image.h" />
		<Unit filename="..\src\framework\inputmanager.cc" />
		<Unit filename="..\src\framework\inputmanager.h" />
		<Unit filename="..\src\framework\layer.h" />
		<Unit filename="..\src\framework\scene.cc" />
		<Unit filename="..\src\framework\scene.h" />
		<Unit filename="..\src\framework\sprite.cc" />
		<Unit filename="..\src\framework\sprite.h" />
		<Unit filename="..\src\framework\timeaccumulator.cc" />
		<Unit filename="..\src\framework\timeaccumulator.h" />
		<Unit filename="..\src\framework\timehandler.cc" />
		<Unit filename="..\src\framework\timehandler.h" />
		<Unit filename="..\src\framework\types.h" />
		<Unit filename="..\src\framework\vector2D.cc" />
		<Unit filename="..\src\framework\vector2D.h" />
		<Unit filename="..\src\framework\videomanager.cc" />
		<Unit filename="..\src\framework\videomanager.h" />
		<Unit filename="..\src\sandbox\LEIAME.txt" />
		<Unit filename="..\src\sandbox\teste_main.cc" />
		<Extensions>
			<code_completion />
			<debugger />
		</Extensions>
	</Project>
</CodeBlocks_project_file>
