
Microsoft Visual Studio Solution File, Format Version 12.00
# Visual Studio 14
VisualStudioVersion = 14.0.23107.0
MinimumVisualStudioVersion = 10.0.40219.1
Project("{2150E333-8FDC-42A3-9474-1A3956D46DE8}") = "Shared", "Shared", "{C579C61C-EDA3-4BB2-A3C7-DF58CC7E63FC}"
EndProject
Project("{8BC9CEB8-8B4A-11D0-8D11-00A0C91BC942}") = "Horus Eye.Shared", "Horus Eye\Horus Eye.Shared\Horus Eye.Shared.vcxitems", "{73AD5AE2-98EA-41C8-B43F-4D93BE44FE5A}"
EndProject
Project("{8BC9CEB8-8B4A-11D0-8D11-00A0C91BC942}") = "Horus Eye.Android.StaticLibrary", "Horus Eye\Horus Eye.Android.StaticLibrary\Horus Eye.Android.StaticLibrary.vcxproj", "{58D32570-43B4-4683-8990-9D54477D3837}"
EndProject
Project("{8BC9CEB8-8B4A-11D0-8D11-00A0C91BC942}") = "Horus Eye.iOS.StaticLibrary", "Horus Eye\Horus Eye.iOS.StaticLibrary\Horus Eye.iOS.StaticLibrary.vcxproj", "{AE886BC3-70E5-41F1-829C-FB15A0CD4B30}"
EndProject
Project("{8BC9CEB8-8B4A-11D0-8D11-00A0C91BC942}") = "Horus Eye.WindowsUniversal.StaticLibrary", "Horus Eye\Horus Eye.WindowsUniversal.StaticLibrary\Horus Eye.WindowsUniversal.StaticLibrary.vcxproj", "{25D1B887-4DA1-4647-BFD6-98B6641F54C3}"
EndProject
Project("{2150E333-8FDC-42A3-9474-1A3956D46DE8}") = "Horus Eye.Android.Application", "Horus Eye.Android.Application", "{CEC37AE4-FD84-45CE-8D9C-EA5D30D120AE}"
EndProject
Project("{8BC9CEB8-8B4A-11D0-8D11-00A0C91BC942}") = "Horus Eye.Android.NativeActivity", "Horus Eye\Horus Eye.Android.NativeActivity\Horus Eye.Android.NativeActivity.vcxproj", "{60E7D160-484F-45C0-9CE8-07BB6DB45299}"
EndProject
Project("{39E2626F-3545-4960-A6E8-258AD8476CE5}") = "Horus Eye.Android.Application", "Horus Eye\Horus Eye.Android.Application\Horus Eye.Android.Application.androidproj", "{5302459D-8CC6-45A8-8461-AFA3018292B8}"
EndProject
Project("{DBADA880-67D1-4C77-86E9-85A29877A8A0}") = "Horus Eye.iOS.Application", "Horus Eye\Horus Eye.iOS.Application\Horus Eye.iOS.Application.iosproj", "{E7A0CAB8-7822-49C7-B735-02B76F44CDB9}"
EndProject
Project("{8BC9CEB8-8B4A-11D0-8D11-00A0C91BC942}") = "Horus Eye.WindowsUniversal.Application", "Horus Eye\Horus Eye.WindowsUniversal.Application\Horus Eye.WindowsUniversal.Application.vcxproj", "{090F888F-0609-4B31-B2AA-81EEB8AEB6E2}"
EndProject
Project("{2150E333-8FDC-42A3-9474-1A3956D46DE8}") = "Horus Eye", "Horus Eye", "{0CFC852C-92AB-4447-9887-B366D275FB34}"
EndProject
Project("{8BC9CEB8-8B4A-11D0-8D11-00A0C91BC942}") = "SDL2-UWP", "..\externals\ugdk\externals\sdl2\WindowsUWP\SDL-UWP.vcxproj", "{C8DF6173-06A1-4F56-A9BC-2002596B30E9}"
EndProject
Project("{2150E333-8FDC-42A3-9474-1A3956D46DE8}") = "SDL", "SDL", "{E79BF53E-8B9F-4E21-84BF-13C8EE1D791B}"
EndProject
Project("{2150E333-8FDC-42A3-9474-1A3956D46DE8}") = "UGDK", "UGDK", "{CE4B7930-D01D-413B-9794-532F535B64CE}"
EndProject
Project("{2150E333-8FDC-42A3-9474-1A3956D46DE8}") = "Library", "Library", "{F5B9729D-B1C8-4685-92AB-5AC14962ED0E}"
EndProject
Project("{8BC9CEB8-8B4A-11D0-8D11-00A0C91BC942}") = "UGDK.Shared", "..\externals\ugdk\WindowsUWP\UGDK\UGDK.Shared\UGDK.Shared.vcxitems", "{9A2952BA-1034-446B-BEC9-6A2B2B50B296}"
EndProject
Project("{8BC9CEB8-8B4A-11D0-8D11-00A0C91BC942}") = "UGDK.iOS.StaticLibrary", "..\externals\ugdk\WindowsUWP\UGDK\UGDK.iOS.StaticLibrary\UGDK.iOS.StaticLibrary.vcxproj", "{C98773CB-5816-47AE-94DF-240E2E4B0B9A}"
EndProject
Project("{8BC9CEB8-8B4A-11D0-8D11-00A0C91BC942}") = "UGDK.WindowsUniversal.StaticLibrary", "..\externals\ugdk\WindowsUWP\UGDK\UGDK.WindowsUniversal.StaticLibrary\UGDK.WindowsUniversal.StaticLibrary.vcxproj", "{57EF1BF6-585A-4548-A997-04B458C2C63B}"
EndProject
Project("{8BC9CEB8-8B4A-11D0-8D11-00A0C91BC942}") = "UGDK.Android.StaticLibrary", "..\externals\ugdk\WindowsUWP\UGDK\UGDK.Android.StaticLibrary\UGDK.Android.StaticLibrary.vcxproj", "{74BA2AD8-BA52-4F97-8198-A73ABC86FE51}"
EndProject
Project("{2150E333-8FDC-42A3-9474-1A3956D46DE8}") = "Lua", "Lua", "{04CCE9E6-FB05-421B-A40D-BD8665CB98D6}"
EndProject
Project("{2150E333-8FDC-42A3-9474-1A3956D46DE8}") = "Json", "Json", "{5B8353ED-DFEF-4ABA-A896-1DAD5F51292C}"
EndProject
Project("{8BC9CEB8-8B4A-11D0-8D11-00A0C91BC942}") = "Lua.Android.StaticLibrary", "..\externals\ugdk\WindowsUWP\Lua\Lua.Android.StaticLibrary\Lua.Android.StaticLibrary.vcxproj", "{0746BD3E-3603-4D7A-9ECF-4E555C6B9C97}"
EndProject
Project("{8BC9CEB8-8B4A-11D0-8D11-00A0C91BC942}") = "Lua.iOS.StaticLibrary", "..\externals\ugdk\WindowsUWP\Lua\Lua.iOS.StaticLibrary\Lua.iOS.StaticLibrary.vcxproj", "{E9561CE6-A71D-45DB-B44A-30C234DEE56A}"
EndProject
Project("{8BC9CEB8-8B4A-11D0-8D11-00A0C91BC942}") = "Lua.Shared", "..\externals\ugdk\WindowsUWP\Lua\Lua.Shared\Lua.Shared.vcxitems", "{F4861C4E-61A8-4CB3-9B96-F5A523B248E1}"
EndProject
Project("{8BC9CEB8-8B4A-11D0-8D11-00A0C91BC942}") = "Lua.WindowsUniversal.StaticLibrary", "..\externals\ugdk\WindowsUWP\Lua\Lua.WindowsUniversal.StaticLibrary\Lua.WindowsUniversal.StaticLibrary.vcxproj", "{6B264E17-8E7C-40AE-8B93-556E54570EFD}"
EndProject
Project("{8BC9CEB8-8B4A-11D0-8D11-00A0C91BC942}") = "Json.Android.StaticLibrary", "..\externals\ugdk\WindowsUWP\Json\Json.Android.StaticLibrary\Json.Android.StaticLibrary.vcxproj", "{25E145ED-DDCF-4716-88EC-1314863FBE1E}"
EndProject
Project("{8BC9CEB8-8B4A-11D0-8D11-00A0C91BC942}") = "Json.iOS.StaticLibrary", "..\externals\ugdk\WindowsUWP\Json\Json.iOS.StaticLibrary\Json.iOS.StaticLibrary.vcxproj", "{CEB0220B-34B2-4D3C-A1D5-EB90D25BBAA6}"
EndProject
Project("{8BC9CEB8-8B4A-11D0-8D11-00A0C91BC942}") = "Json.Shared", "..\externals\ugdk\WindowsUWP\Json\Json.Shared\Json.Shared.vcxitems", "{3888D0F2-6349-431C-BB59-53A4F906BA39}"
EndProject
Project("{8BC9CEB8-8B4A-11D0-8D11-00A0C91BC942}") = "Json.WindowsUniversal.StaticLibrary", "..\externals\ugdk\WindowsUWP\Json\Json.WindowsUniversal.StaticLibrary\Json.WindowsUniversal.StaticLibrary.vcxproj", "{8EA91E85-B972-4887-A90A-D68CB0F573AE}"
EndProject
Project("{2150E333-8FDC-42A3-9474-1A3956D46DE8}") = "Freetype", "Freetype", "{8E410EA4-EF6F-4E44-B8D1-DF85F073D21E}"
EndProject
Project("{8BC9CEB8-8B4A-11D0-8D11-00A0C91BC942}") = "Freetype.Android.StaticLibrary", "..\externals\ugdk\WindowsUWP\Freetype\Freetype.Android.StaticLibrary\Freetype.Android.StaticLibrary.vcxproj", "{BB78C21B-140E-4BBD-9CA0-F04EDE4FF039}"
EndProject
Project("{8BC9CEB8-8B4A-11D0-8D11-00A0C91BC942}") = "Freetype.iOS.StaticLibrary", "..\externals\ugdk\WindowsUWP\Freetype\Freetype.iOS.StaticLibrary\Freetype.iOS.StaticLibrary.vcxproj", "{F61945BE-1109-4775-8061-133D56ECB441}"
EndProject
Project("{8BC9CEB8-8B4A-11D0-8D11-00A0C91BC942}") = "Freetype.Shared", "..\externals\ugdk\WindowsUWP\Freetype\Freetype.Shared\Freetype.Shared.vcxitems", "{AECF8592-365F-4411-8B79-158D92ADC40A}"
EndProject
Project("{8BC9CEB8-8B4A-11D0-8D11-00A0C91BC942}") = "Freetype.WindowsUniversal.StaticLibrary", "..\externals\ugdk\WindowsUWP\Freetype\Freetype.WindowsUniversal.StaticLibrary\Freetype.WindowsUniversal.StaticLibrary.vcxproj", "{8DD66271-1B6F-419C-BE43-3AF6A7D422E8}"
EndProject
Project("{2150E333-8FDC-42A3-9474-1A3956D46DE8}") = "SDL_mixer", "SDL_mixer", "{20D77545-7452-4CB8-971D-DAC259EFA28C}"
EndProject
Project("{2150E333-8FDC-42A3-9474-1A3956D46DE8}") = "Windows", "Windows", "{1F0CD641-3931-4EEF-9F6C-511602A68871}"
EndProject
Project("{8BC9CEB8-8B4A-11D0-8D11-00A0C91BC942}") = "libogg_static-UWP", "..\externals\ugdk\externals\sdl2-mixer\WindowsUWP\libogg_static-UWP.vcxproj", "{6BC6349C-E355-4F1C-9290-FF755114A84B}"
EndProject
Project("{8BC9CEB8-8B4A-11D0-8D11-00A0C91BC942}") = "libvorbis_static-UWP", "..\externals\ugdk\externals\sdl2-mixer\WindowsUWP\libvorbis_static-UWP.vcxproj", "{E3AB27F1-EB89-4C65-85DF-CB6A4F805753}"
EndProject
Project("{8BC9CEB8-8B4A-11D0-8D11-00A0C91BC942}") = "libvorbisfile_static-UWP", "..\externals\ugdk\externals\sdl2-mixer\WindowsUWP\libvorbisfile_static-UWP.vcxproj", "{936B2819-2364-45D9-901D-52878914FAFA}"
EndProject
Project("{8BC9CEB8-8B4A-11D0-8D11-00A0C91BC942}") = "SDL2_mixer-UWP", "..\externals\ugdk\externals\sdl2-mixer\WindowsUWP\SDL_mixer-UWP.vcxproj", "{3A833C7A-C776-4202-9DBD-BC879B23C605}"
EndProject
Global
	GlobalSection(SharedMSBuildProjectFiles) = preSolution
		Horus Eye\Horus Eye.Shared\Horus Eye.Shared.vcxitems*{58d32570-43b4-4683-8990-9d54477d3837}*SharedItemsImports = 4
		Horus Eye\Horus Eye.Shared\Horus Eye.Shared.vcxitems*{73ad5ae2-98ea-41c8-b43f-4d93be44fe5a}*SharedItemsImports = 9
		..\externals\ugdk\WindowsUWP\Freetype\Freetype.Shared\Freetype.Shared.vcxitems*{8dd66271-1b6f-419c-be43-3af6a7d422e8}*SharedItemsImports = 4
		..\externals\ugdk\WindowsUWP\Lua\Lua.Shared\Lua.Shared.vcxitems*{6b264e17-8e7c-40ae-8b93-556e54570efd}*SharedItemsImports = 4
		..\externals\ugdk\WindowsUWP\UGDK\UGDK.Shared\UGDK.Shared.vcxitems*{c98773cb-5816-47ae-94df-240e2e4b0b9a}*SharedItemsImports = 4
		..\externals\ugdk\WindowsUWP\UGDK\UGDK.Shared\UGDK.Shared.vcxitems*{9a2952ba-1034-446b-bec9-6a2b2b50b296}*SharedItemsImports = 9
		..\externals\ugdk\WindowsUWP\Json\Json.Shared\Json.Shared.vcxitems*{8ea91e85-b972-4887-a90a-d68cb0f573ae}*SharedItemsImports = 4
		..\externals\ugdk\WindowsUWP\Json\Json.Shared\Json.Shared.vcxitems*{25e145ed-ddcf-4716-88ec-1314863fbe1e}*SharedItemsImports = 4
		Horus Eye\Horus Eye.Shared\Horus Eye.Shared.vcxitems*{25d1b887-4da1-4647-bfd6-98b6641f54c3}*SharedItemsImports = 4
		..\externals\ugdk\WindowsUWP\Freetype\Freetype.Shared\Freetype.Shared.vcxitems*{f61945be-1109-4775-8061-133d56ecb441}*SharedItemsImports = 4
		..\externals\ugdk\WindowsUWP\Json\Json.Shared\Json.Shared.vcxitems*{3888d0f2-6349-431c-bb59-53a4f906ba39}*SharedItemsImports = 9
		..\externals\ugdk\WindowsUWP\UGDK\UGDK.Shared\UGDK.Shared.vcxitems*{57ef1bf6-585a-4548-a997-04b458c2c63b}*SharedItemsImports = 4
		..\externals\ugdk\WindowsUWP\Json\Json.Shared\Json.Shared.vcxitems*{ceb0220b-34b2-4d3c-a1d5-eb90d25bbaa6}*SharedItemsImports = 4
		Horus Eye\Horus Eye.Shared\Horus Eye.Shared.vcxitems*{ae886bc3-70e5-41f1-829c-fb15a0cd4b30}*SharedItemsImports = 4
		..\externals\ugdk\WindowsUWP\Freetype\Freetype.Shared\Freetype.Shared.vcxitems*{bb78c21b-140e-4bbd-9ca0-f04ede4ff039}*SharedItemsImports = 4
		..\externals\ugdk\WindowsUWP\Lua\Lua.Shared\Lua.Shared.vcxitems*{f4861c4e-61a8-4cb3-9b96-f5a523b248e1}*SharedItemsImports = 9
		..\externals\ugdk\WindowsUWP\UGDK\UGDK.Shared\UGDK.Shared.vcxitems*{74ba2ad8-ba52-4f97-8198-a73abc86fe51}*SharedItemsImports = 4
		..\externals\ugdk\WindowsUWP\Lua\Lua.Shared\Lua.Shared.vcxitems*{e9561ce6-a71d-45db-b44a-30c234dee56a}*SharedItemsImports = 4
		..\externals\ugdk\WindowsUWP\Lua\Lua.Shared\Lua.Shared.vcxitems*{0746bd3e-3603-4d7a-9ecf-4e555c6b9c97}*SharedItemsImports = 4
	EndGlobalSection
	GlobalSection(SolutionConfigurationPlatforms) = preSolution
		Debug|ARM = Debug|ARM
		Debug|x64 = Debug|x64
		Debug|x86 = Debug|x86
		Release|ARM = Release|ARM
		Release|x64 = Release|x64
		Release|x86 = Release|x86
	EndGlobalSection
	GlobalSection(ProjectConfigurationPlatforms) = postSolution
		{58D32570-43B4-4683-8990-9D54477D3837}.Debug|ARM.ActiveCfg = Debug|ARM
		{58D32570-43B4-4683-8990-9D54477D3837}.Debug|ARM.Build.0 = Debug|ARM
		{58D32570-43B4-4683-8990-9D54477D3837}.Debug|x64.ActiveCfg = Debug|x86
		{58D32570-43B4-4683-8990-9D54477D3837}.Debug|x86.ActiveCfg = Debug|x86
		{58D32570-43B4-4683-8990-9D54477D3837}.Debug|x86.Build.0 = Debug|x86
		{58D32570-43B4-4683-8990-9D54477D3837}.Release|ARM.ActiveCfg = Release|ARM
		{58D32570-43B4-4683-8990-9D54477D3837}.Release|ARM.Build.0 = Release|ARM
		{58D32570-43B4-4683-8990-9D54477D3837}.Release|x64.ActiveCfg = Release|x86
		{58D32570-43B4-4683-8990-9D54477D3837}.Release|x86.ActiveCfg = Release|x86
		{58D32570-43B4-4683-8990-9D54477D3837}.Release|x86.Build.0 = Release|x86
		{AE886BC3-70E5-41F1-829C-FB15A0CD4B30}.Debug|ARM.ActiveCfg = Debug|ARM
		{AE886BC3-70E5-41F1-829C-FB15A0CD4B30}.Debug|ARM.Build.0 = Debug|ARM
		{AE886BC3-70E5-41F1-829C-FB15A0CD4B30}.Debug|x64.ActiveCfg = Debug|x86
		{AE886BC3-70E5-41F1-829C-FB15A0CD4B30}.Debug|x86.ActiveCfg = Debug|x86
		{AE886BC3-70E5-41F1-829C-FB15A0CD4B30}.Debug|x86.Build.0 = Debug|x86
		{AE886BC3-70E5-41F1-829C-FB15A0CD4B30}.Release|ARM.ActiveCfg = Release|ARM
		{AE886BC3-70E5-41F1-829C-FB15A0CD4B30}.Release|ARM.Build.0 = Release|ARM
		{AE886BC3-70E5-41F1-829C-FB15A0CD4B30}.Release|x64.ActiveCfg = Release|x86
		{AE886BC3-70E5-41F1-829C-FB15A0CD4B30}.Release|x86.ActiveCfg = Release|x86
		{AE886BC3-70E5-41F1-829C-FB15A0CD4B30}.Release|x86.Build.0 = Release|x86
		{25D1B887-4DA1-4647-BFD6-98B6641F54C3}.Debug|ARM.ActiveCfg = Debug|ARM
		{25D1B887-4DA1-4647-BFD6-98B6641F54C3}.Debug|ARM.Build.0 = Debug|ARM
		{25D1B887-4DA1-4647-BFD6-98B6641F54C3}.Debug|x64.ActiveCfg = Debug|x64
		{25D1B887-4DA1-4647-BFD6-98B6641F54C3}.Debug|x64.Build.0 = Debug|x64
		{25D1B887-4DA1-4647-BFD6-98B6641F54C3}.Debug|x86.ActiveCfg = Debug|Win32
		{25D1B887-4DA1-4647-BFD6-98B6641F54C3}.Debug|x86.Build.0 = Debug|Win32
		{25D1B887-4DA1-4647-BFD6-98B6641F54C3}.Release|ARM.ActiveCfg = Release|ARM
		{25D1B887-4DA1-4647-BFD6-98B6641F54C3}.Release|ARM.Build.0 = Release|ARM
		{25D1B887-4DA1-4647-BFD6-98B6641F54C3}.Release|x64.ActiveCfg = Release|x64
		{25D1B887-4DA1-4647-BFD6-98B6641F54C3}.Release|x64.Build.0 = Release|x64
		{25D1B887-4DA1-4647-BFD6-98B6641F54C3}.Release|x86.ActiveCfg = Release|Win32
		{25D1B887-4DA1-4647-BFD6-98B6641F54C3}.Release|x86.Build.0 = Release|Win32
		{60E7D160-484F-45C0-9CE8-07BB6DB45299}.Debug|ARM.ActiveCfg = Debug|ARM
		{60E7D160-484F-45C0-9CE8-07BB6DB45299}.Debug|ARM.Build.0 = Debug|ARM
		{60E7D160-484F-45C0-9CE8-07BB6DB45299}.Debug|x64.ActiveCfg = Debug|x86
		{60E7D160-484F-45C0-9CE8-07BB6DB45299}.Debug|x86.ActiveCfg = Debug|x86
		{60E7D160-484F-45C0-9CE8-07BB6DB45299}.Debug|x86.Build.0 = Debug|x86
		{60E7D160-484F-45C0-9CE8-07BB6DB45299}.Release|ARM.ActiveCfg = Release|ARM
		{60E7D160-484F-45C0-9CE8-07BB6DB45299}.Release|ARM.Build.0 = Release|ARM
		{60E7D160-484F-45C0-9CE8-07BB6DB45299}.Release|x64.ActiveCfg = Release|x86
		{60E7D160-484F-45C0-9CE8-07BB6DB45299}.Release|x86.ActiveCfg = Release|x86
		{60E7D160-484F-45C0-9CE8-07BB6DB45299}.Release|x86.Build.0 = Release|x86
		{5302459D-8CC6-45A8-8461-AFA3018292B8}.Debug|ARM.ActiveCfg = Debug|ARM
		{5302459D-8CC6-45A8-8461-AFA3018292B8}.Debug|ARM.Build.0 = Debug|ARM
		{5302459D-8CC6-45A8-8461-AFA3018292B8}.Debug|ARM.Deploy.0 = Debug|ARM
		{5302459D-8CC6-45A8-8461-AFA3018292B8}.Debug|x64.ActiveCfg = Debug|x86
		{5302459D-8CC6-45A8-8461-AFA3018292B8}.Debug|x86.ActiveCfg = Debug|x86
		{5302459D-8CC6-45A8-8461-AFA3018292B8}.Debug|x86.Build.0 = Debug|x86
		{5302459D-8CC6-45A8-8461-AFA3018292B8}.Debug|x86.Deploy.0 = Debug|x86
		{5302459D-8CC6-45A8-8461-AFA3018292B8}.Release|ARM.ActiveCfg = Release|ARM
		{5302459D-8CC6-45A8-8461-AFA3018292B8}.Release|ARM.Build.0 = Release|ARM
		{5302459D-8CC6-45A8-8461-AFA3018292B8}.Release|ARM.Deploy.0 = Release|ARM
		{5302459D-8CC6-45A8-8461-AFA3018292B8}.Release|x64.ActiveCfg = Release|x86
		{5302459D-8CC6-45A8-8461-AFA3018292B8}.Release|x86.ActiveCfg = Release|x86
		{5302459D-8CC6-45A8-8461-AFA3018292B8}.Release|x86.Build.0 = Release|x86
		{5302459D-8CC6-45A8-8461-AFA3018292B8}.Release|x86.Deploy.0 = Release|x86
		{E7A0CAB8-7822-49C7-B735-02B76F44CDB9}.Debug|ARM.ActiveCfg = Debug|ARM
		{E7A0CAB8-7822-49C7-B735-02B76F44CDB9}.Debug|ARM.Build.0 = Debug|ARM
		{E7A0CAB8-7822-49C7-B735-02B76F44CDB9}.Debug|ARM.Deploy.0 = Debug|ARM
		{E7A0CAB8-7822-49C7-B735-02B76F44CDB9}.Debug|x64.ActiveCfg = Debug|x86
		{E7A0CAB8-7822-49C7-B735-02B76F44CDB9}.Debug|x86.ActiveCfg = Debug|x86
		{E7A0CAB8-7822-49C7-B735-02B76F44CDB9}.Debug|x86.Build.0 = Debug|x86
		{E7A0CAB8-7822-49C7-B735-02B76F44CDB9}.Debug|x86.Deploy.0 = Debug|x86
		{E7A0CAB8-7822-49C7-B735-02B76F44CDB9}.Release|ARM.ActiveCfg = Release|ARM
		{E7A0CAB8-7822-49C7-B735-02B76F44CDB9}.Release|ARM.Build.0 = Release|ARM
		{E7A0CAB8-7822-49C7-B735-02B76F44CDB9}.Release|ARM.Deploy.0 = Release|ARM
		{E7A0CAB8-7822-49C7-B735-02B76F44CDB9}.Release|x64.ActiveCfg = Release|x86
		{E7A0CAB8-7822-49C7-B735-02B76F44CDB9}.Release|x86.ActiveCfg = Release|x86
		{E7A0CAB8-7822-49C7-B735-02B76F44CDB9}.Release|x86.Build.0 = Release|x86
		{E7A0CAB8-7822-49C7-B735-02B76F44CDB9}.Release|x86.Deploy.0 = Release|x86
		{090F888F-0609-4B31-B2AA-81EEB8AEB6E2}.Debug|ARM.ActiveCfg = Debug|ARM
		{090F888F-0609-4B31-B2AA-81EEB8AEB6E2}.Debug|ARM.Build.0 = Debug|ARM
		{090F888F-0609-4B31-B2AA-81EEB8AEB6E2}.Debug|ARM.Deploy.0 = Debug|ARM
		{090F888F-0609-4B31-B2AA-81EEB8AEB6E2}.Debug|x64.ActiveCfg = Debug|x64
		{090F888F-0609-4B31-B2AA-81EEB8AEB6E2}.Debug|x64.Build.0 = Debug|x64
		{090F888F-0609-4B31-B2AA-81EEB8AEB6E2}.Debug|x64.Deploy.0 = Debug|x64
		{090F888F-0609-4B31-B2AA-81EEB8AEB6E2}.Debug|x86.ActiveCfg = Debug|Win32
		{090F888F-0609-4B31-B2AA-81EEB8AEB6E2}.Debug|x86.Build.0 = Debug|Win32
		{090F888F-0609-4B31-B2AA-81EEB8AEB6E2}.Debug|x86.Deploy.0 = Debug|Win32
		{090F888F-0609-4B31-B2AA-81EEB8AEB6E2}.Release|ARM.ActiveCfg = Release|ARM
		{090F888F-0609-4B31-B2AA-81EEB8AEB6E2}.Release|ARM.Build.0 = Release|ARM
		{090F888F-0609-4B31-B2AA-81EEB8AEB6E2}.Release|ARM.Deploy.0 = Release|ARM
		{090F888F-0609-4B31-B2AA-81EEB8AEB6E2}.Release|x64.ActiveCfg = Release|x64
		{090F888F-0609-4B31-B2AA-81EEB8AEB6E2}.Release|x64.Build.0 = Release|x64
		{090F888F-0609-4B31-B2AA-81EEB8AEB6E2}.Release|x64.Deploy.0 = Release|x64
		{090F888F-0609-4B31-B2AA-81EEB8AEB6E2}.Release|x86.ActiveCfg = Release|Win32
		{090F888F-0609-4B31-B2AA-81EEB8AEB6E2}.Release|x86.Build.0 = Release|Win32
		{090F888F-0609-4B31-B2AA-81EEB8AEB6E2}.Release|x86.Deploy.0 = Release|Win32
		{C8DF6173-06A1-4F56-A9BC-2002596B30E9}.Debug|ARM.ActiveCfg = Debug|ARM
		{C8DF6173-06A1-4F56-A9BC-2002596B30E9}.Debug|ARM.Build.0 = Debug|ARM
		{C8DF6173-06A1-4F56-A9BC-2002596B30E9}.Debug|x64.ActiveCfg = Debug|x64
		{C8DF6173-06A1-4F56-A9BC-2002596B30E9}.Debug|x64.Build.0 = Debug|x64
		{C8DF6173-06A1-4F56-A9BC-2002596B30E9}.Debug|x86.ActiveCfg = Debug|Win32
		{C8DF6173-06A1-4F56-A9BC-2002596B30E9}.Debug|x86.Build.0 = Debug|Win32
		{C8DF6173-06A1-4F56-A9BC-2002596B30E9}.Release|ARM.ActiveCfg = Release|ARM
		{C8DF6173-06A1-4F56-A9BC-2002596B30E9}.Release|ARM.Build.0 = Release|ARM
		{C8DF6173-06A1-4F56-A9BC-2002596B30E9}.Release|x64.ActiveCfg = Release|x64
		{C8DF6173-06A1-4F56-A9BC-2002596B30E9}.Release|x64.Build.0 = Release|x64
		{C8DF6173-06A1-4F56-A9BC-2002596B30E9}.Release|x86.ActiveCfg = Release|Win32
		{C8DF6173-06A1-4F56-A9BC-2002596B30E9}.Release|x86.Build.0 = Release|Win32
		{C98773CB-5816-47AE-94DF-240E2E4B0B9A}.Debug|ARM.ActiveCfg = Debug|ARM
		{C98773CB-5816-47AE-94DF-240E2E4B0B9A}.Debug|ARM.Build.0 = Debug|ARM
		{C98773CB-5816-47AE-94DF-240E2E4B0B9A}.Debug|x64.ActiveCfg = Debug|x86
		{C98773CB-5816-47AE-94DF-240E2E4B0B9A}.Debug|x86.ActiveCfg = Debug|x86
		{C98773CB-5816-47AE-94DF-240E2E4B0B9A}.Debug|x86.Build.0 = Debug|x86
		{C98773CB-5816-47AE-94DF-240E2E4B0B9A}.Release|ARM.ActiveCfg = Release|ARM
		{C98773CB-5816-47AE-94DF-240E2E4B0B9A}.Release|ARM.Build.0 = Release|ARM
		{C98773CB-5816-47AE-94DF-240E2E4B0B9A}.Release|x64.ActiveCfg = Release|x86
		{C98773CB-5816-47AE-94DF-240E2E4B0B9A}.Release|x86.ActiveCfg = Release|x86
		{C98773CB-5816-47AE-94DF-240E2E4B0B9A}.Release|x86.Build.0 = Release|x86
		{57EF1BF6-585A-4548-A997-04B458C2C63B}.Debug|ARM.ActiveCfg = Debug|ARM
		{57EF1BF6-585A-4548-A997-04B458C2C63B}.Debug|ARM.Build.0 = Debug|ARM
		{57EF1BF6-585A-4548-A997-04B458C2C63B}.Debug|x64.ActiveCfg = Debug|x64
		{57EF1BF6-585A-4548-A997-04B458C2C63B}.Debug|x64.Build.0 = Debug|x64
		{57EF1BF6-585A-4548-A997-04B458C2C63B}.Debug|x86.ActiveCfg = Debug|Win32
		{57EF1BF6-585A-4548-A997-04B458C2C63B}.Debug|x86.Build.0 = Debug|Win32
		{57EF1BF6-585A-4548-A997-04B458C2C63B}.Release|ARM.ActiveCfg = Release|ARM
		{57EF1BF6-585A-4548-A997-04B458C2C63B}.Release|ARM.Build.0 = Release|ARM
		{57EF1BF6-585A-4548-A997-04B458C2C63B}.Release|x64.ActiveCfg = Release|x64
		{57EF1BF6-585A-4548-A997-04B458C2C63B}.Release|x64.Build.0 = Release|x64
		{57EF1BF6-585A-4548-A997-04B458C2C63B}.Release|x86.ActiveCfg = Release|Win32
		{57EF1BF6-585A-4548-A997-04B458C2C63B}.Release|x86.Build.0 = Release|Win32
		{74BA2AD8-BA52-4F97-8198-A73ABC86FE51}.Debug|ARM.ActiveCfg = Debug|ARM
		{74BA2AD8-BA52-4F97-8198-A73ABC86FE51}.Debug|ARM.Build.0 = Debug|ARM
		{74BA2AD8-BA52-4F97-8198-A73ABC86FE51}.Debug|x64.ActiveCfg = Debug|x86
		{74BA2AD8-BA52-4F97-8198-A73ABC86FE51}.Debug|x86.ActiveCfg = Debug|x86
		{74BA2AD8-BA52-4F97-8198-A73ABC86FE51}.Debug|x86.Build.0 = Debug|x86
		{74BA2AD8-BA52-4F97-8198-A73ABC86FE51}.Release|ARM.ActiveCfg = Release|ARM
		{74BA2AD8-BA52-4F97-8198-A73ABC86FE51}.Release|ARM.Build.0 = Release|ARM
		{74BA2AD8-BA52-4F97-8198-A73ABC86FE51}.Release|x64.ActiveCfg = Release|x86
		{74BA2AD8-BA52-4F97-8198-A73ABC86FE51}.Release|x86.ActiveCfg = Release|x86
		{74BA2AD8-BA52-4F97-8198-A73ABC86FE51}.Release|x86.Build.0 = Release|x86
		{0746BD3E-3603-4D7A-9ECF-4E555C6B9C97}.Debug|ARM.ActiveCfg = Debug|ARM
		{0746BD3E-3603-4D7A-9ECF-4E555C6B9C97}.Debug|ARM.Build.0 = Debug|ARM
		{0746BD3E-3603-4D7A-9ECF-4E555C6B9C97}.Debug|x64.ActiveCfg = Debug|x86
		{0746BD3E-3603-4D7A-9ECF-4E555C6B9C97}.Debug|x86.ActiveCfg = Debug|x86
		{0746BD3E-3603-4D7A-9ECF-4E555C6B9C97}.Debug|x86.Build.0 = Debug|x86
		{0746BD3E-3603-4D7A-9ECF-4E555C6B9C97}.Release|ARM.ActiveCfg = Release|ARM
		{0746BD3E-3603-4D7A-9ECF-4E555C6B9C97}.Release|ARM.Build.0 = Release|ARM
		{0746BD3E-3603-4D7A-9ECF-4E555C6B9C97}.Release|x64.ActiveCfg = Release|x86
		{0746BD3E-3603-4D7A-9ECF-4E555C6B9C97}.Release|x86.ActiveCfg = Release|x86
		{0746BD3E-3603-4D7A-9ECF-4E555C6B9C97}.Release|x86.Build.0 = Release|x86
		{E9561CE6-A71D-45DB-B44A-30C234DEE56A}.Debug|ARM.ActiveCfg = Debug|ARM
		{E9561CE6-A71D-45DB-B44A-30C234DEE56A}.Debug|ARM.Build.0 = Debug|ARM
		{E9561CE6-A71D-45DB-B44A-30C234DEE56A}.Debug|x64.ActiveCfg = Debug|x86
		{E9561CE6-A71D-45DB-B44A-30C234DEE56A}.Debug|x86.ActiveCfg = Debug|x86
		{E9561CE6-A71D-45DB-B44A-30C234DEE56A}.Debug|x86.Build.0 = Debug|x86
		{E9561CE6-A71D-45DB-B44A-30C234DEE56A}.Release|ARM.ActiveCfg = Release|ARM
		{E9561CE6-A71D-45DB-B44A-30C234DEE56A}.Release|ARM.Build.0 = Release|ARM
		{E9561CE6-A71D-45DB-B44A-30C234DEE56A}.Release|x64.ActiveCfg = Release|x86
		{E9561CE6-A71D-45DB-B44A-30C234DEE56A}.Release|x86.ActiveCfg = Release|x86
		{E9561CE6-A71D-45DB-B44A-30C234DEE56A}.Release|x86.Build.0 = Release|x86
		{6B264E17-8E7C-40AE-8B93-556E54570EFD}.Debug|ARM.ActiveCfg = Debug|ARM
		{6B264E17-8E7C-40AE-8B93-556E54570EFD}.Debug|ARM.Build.0 = Debug|ARM
		{6B264E17-8E7C-40AE-8B93-556E54570EFD}.Debug|x64.ActiveCfg = Debug|x64
		{6B264E17-8E7C-40AE-8B93-556E54570EFD}.Debug|x64.Build.0 = Debug|x64
		{6B264E17-8E7C-40AE-8B93-556E54570EFD}.Debug|x86.ActiveCfg = Debug|Win32
		{6B264E17-8E7C-40AE-8B93-556E54570EFD}.Debug|x86.Build.0 = Debug|Win32
		{6B264E17-8E7C-40AE-8B93-556E54570EFD}.Release|ARM.ActiveCfg = Release|ARM
		{6B264E17-8E7C-40AE-8B93-556E54570EFD}.Release|ARM.Build.0 = Release|ARM
		{6B264E17-8E7C-40AE-8B93-556E54570EFD}.Release|x64.ActiveCfg = Release|x64
		{6B264E17-8E7C-40AE-8B93-556E54570EFD}.Release|x64.Build.0 = Release|x64
		{6B264E17-8E7C-40AE-8B93-556E54570EFD}.Release|x86.ActiveCfg = Release|Win32
		{6B264E17-8E7C-40AE-8B93-556E54570EFD}.Release|x86.Build.0 = Release|Win32
		{25E145ED-DDCF-4716-88EC-1314863FBE1E}.Debug|ARM.ActiveCfg = Debug|ARM
		{25E145ED-DDCF-4716-88EC-1314863FBE1E}.Debug|ARM.Build.0 = Debug|ARM
		{25E145ED-DDCF-4716-88EC-1314863FBE1E}.Debug|x64.ActiveCfg = Debug|x86
		{25E145ED-DDCF-4716-88EC-1314863FBE1E}.Debug|x86.ActiveCfg = Debug|x86
		{25E145ED-DDCF-4716-88EC-1314863FBE1E}.Debug|x86.Build.0 = Debug|x86
		{25E145ED-DDCF-4716-88EC-1314863FBE1E}.Release|ARM.ActiveCfg = Release|ARM
		{25E145ED-DDCF-4716-88EC-1314863FBE1E}.Release|ARM.Build.0 = Release|ARM
		{25E145ED-DDCF-4716-88EC-1314863FBE1E}.Release|x64.ActiveCfg = Release|x86
		{25E145ED-DDCF-4716-88EC-1314863FBE1E}.Release|x86.ActiveCfg = Release|x86
		{25E145ED-DDCF-4716-88EC-1314863FBE1E}.Release|x86.Build.0 = Release|x86
		{CEB0220B-34B2-4D3C-A1D5-EB90D25BBAA6}.Debug|ARM.ActiveCfg = Debug|ARM
		{CEB0220B-34B2-4D3C-A1D5-EB90D25BBAA6}.Debug|ARM.Build.0 = Debug|ARM
		{CEB0220B-34B2-4D3C-A1D5-EB90D25BBAA6}.Debug|x64.ActiveCfg = Debug|x86
		{CEB0220B-34B2-4D3C-A1D5-EB90D25BBAA6}.Debug|x86.ActiveCfg = Debug|x86
		{CEB0220B-34B2-4D3C-A1D5-EB90D25BBAA6}.Debug|x86.Build.0 = Debug|x86
		{CEB0220B-34B2-4D3C-A1D5-EB90D25BBAA6}.Release|ARM.ActiveCfg = Release|ARM
		{CEB0220B-34B2-4D3C-A1D5-EB90D25BBAA6}.Release|ARM.Build.0 = Release|ARM
		{CEB0220B-34B2-4D3C-A1D5-EB90D25BBAA6}.Release|x64.ActiveCfg = Release|x86
		{CEB0220B-34B2-4D3C-A1D5-EB90D25BBAA6}.Release|x86.ActiveCfg = Release|x86
		{CEB0220B-34B2-4D3C-A1D5-EB90D25BBAA6}.Release|x86.Build.0 = Release|x86
		{8EA91E85-B972-4887-A90A-D68CB0F573AE}.Debug|ARM.ActiveCfg = Debug|ARM
		{8EA91E85-B972-4887-A90A-D68CB0F573AE}.Debug|ARM.Build.0 = Debug|ARM
		{8EA91E85-B972-4887-A90A-D68CB0F573AE}.Debug|x64.ActiveCfg = Debug|x64
		{8EA91E85-B972-4887-A90A-D68CB0F573AE}.Debug|x64.Build.0 = Debug|x64
		{8EA91E85-B972-4887-A90A-D68CB0F573AE}.Debug|x86.ActiveCfg = Debug|Win32
		{8EA91E85-B972-4887-A90A-D68CB0F573AE}.Debug|x86.Build.0 = Debug|Win32
		{8EA91E85-B972-4887-A90A-D68CB0F573AE}.Release|ARM.ActiveCfg = Release|ARM
		{8EA91E85-B972-4887-A90A-D68CB0F573AE}.Release|ARM.Build.0 = Release|ARM
		{8EA91E85-B972-4887-A90A-D68CB0F573AE}.Release|x64.ActiveCfg = Release|x64
		{8EA91E85-B972-4887-A90A-D68CB0F573AE}.Release|x64.Build.0 = Release|x64
		{8EA91E85-B972-4887-A90A-D68CB0F573AE}.Release|x86.ActiveCfg = Release|Win32
		{8EA91E85-B972-4887-A90A-D68CB0F573AE}.Release|x86.Build.0 = Release|Win32
		{BB78C21B-140E-4BBD-9CA0-F04EDE4FF039}.Debug|ARM.ActiveCfg = Debug|ARM
		{BB78C21B-140E-4BBD-9CA0-F04EDE4FF039}.Debug|ARM.Build.0 = Debug|ARM
		{BB78C21B-140E-4BBD-9CA0-F04EDE4FF039}.Debug|x64.ActiveCfg = Debug|x86
		{BB78C21B-140E-4BBD-9CA0-F04EDE4FF039}.Debug|x86.ActiveCfg = Debug|x86
		{BB78C21B-140E-4BBD-9CA0-F04EDE4FF039}.Debug|x86.Build.0 = Debug|x86
		{BB78C21B-140E-4BBD-9CA0-F04EDE4FF039}.Release|ARM.ActiveCfg = Release|ARM
		{BB78C21B-140E-4BBD-9CA0-F04EDE4FF039}.Release|ARM.Build.0 = Release|ARM
		{BB78C21B-140E-4BBD-9CA0-F04EDE4FF039}.Release|x64.ActiveCfg = Release|x86
		{BB78C21B-140E-4BBD-9CA0-F04EDE4FF039}.Release|x86.ActiveCfg = Release|x86
		{BB78C21B-140E-4BBD-9CA0-F04EDE4FF039}.Release|x86.Build.0 = Release|x86
		{F61945BE-1109-4775-8061-133D56ECB441}.Debug|ARM.ActiveCfg = Debug|ARM
		{F61945BE-1109-4775-8061-133D56ECB441}.Debug|ARM.Build.0 = Debug|ARM
		{F61945BE-1109-4775-8061-133D56ECB441}.Debug|x64.ActiveCfg = Debug|x86
		{F61945BE-1109-4775-8061-133D56ECB441}.Debug|x86.ActiveCfg = Debug|x86
		{F61945BE-1109-4775-8061-133D56ECB441}.Debug|x86.Build.0 = Debug|x86
		{F61945BE-1109-4775-8061-133D56ECB441}.Release|ARM.ActiveCfg = Release|ARM
		{F61945BE-1109-4775-8061-133D56ECB441}.Release|ARM.Build.0 = Release|ARM
		{F61945BE-1109-4775-8061-133D56ECB441}.Release|x64.ActiveCfg = Release|x86
		{F61945BE-1109-4775-8061-133D56ECB441}.Release|x86.ActiveCfg = Release|x86
		{F61945BE-1109-4775-8061-133D56ECB441}.Release|x86.Build.0 = Release|x86
		{8DD66271-1B6F-419C-BE43-3AF6A7D422E8}.Debug|ARM.ActiveCfg = Debug|ARM
		{8DD66271-1B6F-419C-BE43-3AF6A7D422E8}.Debug|ARM.Build.0 = Debug|ARM
		{8DD66271-1B6F-419C-BE43-3AF6A7D422E8}.Debug|x64.ActiveCfg = Debug|x64
		{8DD66271-1B6F-419C-BE43-3AF6A7D422E8}.Debug|x64.Build.0 = Debug|x64
		{8DD66271-1B6F-419C-BE43-3AF6A7D422E8}.Debug|x86.ActiveCfg = Debug|Win32
		{8DD66271-1B6F-419C-BE43-3AF6A7D422E8}.Debug|x86.Build.0 = Debug|Win32
		{8DD66271-1B6F-419C-BE43-3AF6A7D422E8}.Release|ARM.ActiveCfg = Release|ARM
		{8DD66271-1B6F-419C-BE43-3AF6A7D422E8}.Release|ARM.Build.0 = Release|ARM
		{8DD66271-1B6F-419C-BE43-3AF6A7D422E8}.Release|x64.ActiveCfg = Release|x64
		{8DD66271-1B6F-419C-BE43-3AF6A7D422E8}.Release|x64.Build.0 = Release|x64
		{8DD66271-1B6F-419C-BE43-3AF6A7D422E8}.Release|x86.ActiveCfg = Release|Win32
		{8DD66271-1B6F-419C-BE43-3AF6A7D422E8}.Release|x86.Build.0 = Release|Win32
		{6BC6349C-E355-4F1C-9290-FF755114A84B}.Debug|ARM.ActiveCfg = Debug|ARM
		{6BC6349C-E355-4F1C-9290-FF755114A84B}.Debug|ARM.Build.0 = Debug|ARM
		{6BC6349C-E355-4F1C-9290-FF755114A84B}.Debug|x64.ActiveCfg = Debug|x64
		{6BC6349C-E355-4F1C-9290-FF755114A84B}.Debug|x64.Build.0 = Debug|x64
		{6BC6349C-E355-4F1C-9290-FF755114A84B}.Debug|x86.ActiveCfg = Debug|Win32
		{6BC6349C-E355-4F1C-9290-FF755114A84B}.Debug|x86.Build.0 = Debug|Win32
		{6BC6349C-E355-4F1C-9290-FF755114A84B}.Release|ARM.ActiveCfg = Release|ARM
		{6BC6349C-E355-4F1C-9290-FF755114A84B}.Release|ARM.Build.0 = Release|ARM
		{6BC6349C-E355-4F1C-9290-FF755114A84B}.Release|x64.ActiveCfg = Release|x64
		{6BC6349C-E355-4F1C-9290-FF755114A84B}.Release|x64.Build.0 = Release|x64
		{6BC6349C-E355-4F1C-9290-FF755114A84B}.Release|x86.ActiveCfg = Release|Win32
		{6BC6349C-E355-4F1C-9290-FF755114A84B}.Release|x86.Build.0 = Release|Win32
		{E3AB27F1-EB89-4C65-85DF-CB6A4F805753}.Debug|ARM.ActiveCfg = Debug|ARM
		{E3AB27F1-EB89-4C65-85DF-CB6A4F805753}.Debug|ARM.Build.0 = Debug|ARM
		{E3AB27F1-EB89-4C65-85DF-CB6A4F805753}.Debug|x64.ActiveCfg = Debug|x64
		{E3AB27F1-EB89-4C65-85DF-CB6A4F805753}.Debug|x64.Build.0 = Debug|x64
		{E3AB27F1-EB89-4C65-85DF-CB6A4F805753}.Debug|x86.ActiveCfg = Debug|Win32
		{E3AB27F1-EB89-4C65-85DF-CB6A4F805753}.Debug|x86.Build.0 = Debug|Win32
		{E3AB27F1-EB89-4C65-85DF-CB6A4F805753}.Release|ARM.ActiveCfg = Release|ARM
		{E3AB27F1-EB89-4C65-85DF-CB6A4F805753}.Release|ARM.Build.0 = Release|ARM
		{E3AB27F1-EB89-4C65-85DF-CB6A4F805753}.Release|x64.ActiveCfg = Release|x64
		{E3AB27F1-EB89-4C65-85DF-CB6A4F805753}.Release|x64.Build.0 = Release|x64
		{E3AB27F1-EB89-4C65-85DF-CB6A4F805753}.Release|x86.ActiveCfg = Release|Win32
		{E3AB27F1-EB89-4C65-85DF-CB6A4F805753}.Release|x86.Build.0 = Release|Win32
		{936B2819-2364-45D9-901D-52878914FAFA}.Debug|ARM.ActiveCfg = Debug|ARM
		{936B2819-2364-45D9-901D-52878914FAFA}.Debug|ARM.Build.0 = Debug|ARM
		{936B2819-2364-45D9-901D-52878914FAFA}.Debug|x64.ActiveCfg = Debug|x64
		{936B2819-2364-45D9-901D-52878914FAFA}.Debug|x64.Build.0 = Debug|x64
		{936B2819-2364-45D9-901D-52878914FAFA}.Debug|x86.ActiveCfg = Debug|Win32
		{936B2819-2364-45D9-901D-52878914FAFA}.Debug|x86.Build.0 = Debug|Win32
		{936B2819-2364-45D9-901D-52878914FAFA}.Release|ARM.ActiveCfg = Release|ARM
		{936B2819-2364-45D9-901D-52878914FAFA}.Release|ARM.Build.0 = Release|ARM
		{936B2819-2364-45D9-901D-52878914FAFA}.Release|x64.ActiveCfg = Release|x64
		{936B2819-2364-45D9-901D-52878914FAFA}.Release|x64.Build.0 = Release|x64
		{936B2819-2364-45D9-901D-52878914FAFA}.Release|x86.ActiveCfg = Release|Win32
		{936B2819-2364-45D9-901D-52878914FAFA}.Release|x86.Build.0 = Release|Win32
		{3A833C7A-C776-4202-9DBD-BC879B23C605}.Debug|ARM.ActiveCfg = Debug|ARM
		{3A833C7A-C776-4202-9DBD-BC879B23C605}.Debug|ARM.Build.0 = Debug|ARM
		{3A833C7A-C776-4202-9DBD-BC879B23C605}.Debug|x64.ActiveCfg = Debug|x64
		{3A833C7A-C776-4202-9DBD-BC879B23C605}.Debug|x64.Build.0 = Debug|x64
		{3A833C7A-C776-4202-9DBD-BC879B23C605}.Debug|x86.ActiveCfg = Debug|Win32
		{3A833C7A-C776-4202-9DBD-BC879B23C605}.Debug|x86.Build.0 = Debug|Win32
		{3A833C7A-C776-4202-9DBD-BC879B23C605}.Release|ARM.ActiveCfg = Release|ARM
		{3A833C7A-C776-4202-9DBD-BC879B23C605}.Release|ARM.Build.0 = Release|ARM
		{3A833C7A-C776-4202-9DBD-BC879B23C605}.Release|x64.ActiveCfg = Release|x64
		{3A833C7A-C776-4202-9DBD-BC879B23C605}.Release|x64.Build.0 = Release|x64
		{3A833C7A-C776-4202-9DBD-BC879B23C605}.Release|x86.ActiveCfg = Release|Win32
		{3A833C7A-C776-4202-9DBD-BC879B23C605}.Release|x86.Build.0 = Release|Win32
	EndGlobalSection
	GlobalSection(SolutionProperties) = preSolution
		HideSolutionNode = FALSE
	EndGlobalSection
	GlobalSection(NestedProjects) = preSolution
		{C579C61C-EDA3-4BB2-A3C7-DF58CC7E63FC} = {0CFC852C-92AB-4447-9887-B366D275FB34}
		{73AD5AE2-98EA-41C8-B43F-4D93BE44FE5A} = {C579C61C-EDA3-4BB2-A3C7-DF58CC7E63FC}
		{58D32570-43B4-4683-8990-9D54477D3837} = {C579C61C-EDA3-4BB2-A3C7-DF58CC7E63FC}
		{AE886BC3-70E5-41F1-829C-FB15A0CD4B30} = {C579C61C-EDA3-4BB2-A3C7-DF58CC7E63FC}
		{25D1B887-4DA1-4647-BFD6-98B6641F54C3} = {C579C61C-EDA3-4BB2-A3C7-DF58CC7E63FC}
		{CEC37AE4-FD84-45CE-8D9C-EA5D30D120AE} = {0CFC852C-92AB-4447-9887-B366D275FB34}
		{60E7D160-484F-45C0-9CE8-07BB6DB45299} = {CEC37AE4-FD84-45CE-8D9C-EA5D30D120AE}
		{5302459D-8CC6-45A8-8461-AFA3018292B8} = {CEC37AE4-FD84-45CE-8D9C-EA5D30D120AE}
		{E7A0CAB8-7822-49C7-B735-02B76F44CDB9} = {0CFC852C-92AB-4447-9887-B366D275FB34}
		{090F888F-0609-4B31-B2AA-81EEB8AEB6E2} = {0CFC852C-92AB-4447-9887-B366D275FB34}
		{C8DF6173-06A1-4F56-A9BC-2002596B30E9} = {E79BF53E-8B9F-4E21-84BF-13C8EE1D791B}
		{F5B9729D-B1C8-4685-92AB-5AC14962ED0E} = {CE4B7930-D01D-413B-9794-532F535B64CE}
		{9A2952BA-1034-446B-BEC9-6A2B2B50B296} = {F5B9729D-B1C8-4685-92AB-5AC14962ED0E}
		{C98773CB-5816-47AE-94DF-240E2E4B0B9A} = {F5B9729D-B1C8-4685-92AB-5AC14962ED0E}
		{57EF1BF6-585A-4548-A997-04B458C2C63B} = {F5B9729D-B1C8-4685-92AB-5AC14962ED0E}
		{74BA2AD8-BA52-4F97-8198-A73ABC86FE51} = {F5B9729D-B1C8-4685-92AB-5AC14962ED0E}
		{0746BD3E-3603-4D7A-9ECF-4E555C6B9C97} = {04CCE9E6-FB05-421B-A40D-BD8665CB98D6}
		{E9561CE6-A71D-45DB-B44A-30C234DEE56A} = {04CCE9E6-FB05-421B-A40D-BD8665CB98D6}
		{F4861C4E-61A8-4CB3-9B96-F5A523B248E1} = {04CCE9E6-FB05-421B-A40D-BD8665CB98D6}
		{6B264E17-8E7C-40AE-8B93-556E54570EFD} = {04CCE9E6-FB05-421B-A40D-BD8665CB98D6}
		{25E145ED-DDCF-4716-88EC-1314863FBE1E} = {5B8353ED-DFEF-4ABA-A896-1DAD5F51292C}
		{CEB0220B-34B2-4D3C-A1D5-EB90D25BBAA6} = {5B8353ED-DFEF-4ABA-A896-1DAD5F51292C}
		{3888D0F2-6349-431C-BB59-53A4F906BA39} = {5B8353ED-DFEF-4ABA-A896-1DAD5F51292C}
		{8EA91E85-B972-4887-A90A-D68CB0F573AE} = {5B8353ED-DFEF-4ABA-A896-1DAD5F51292C}
		{BB78C21B-140E-4BBD-9CA0-F04EDE4FF039} = {8E410EA4-EF6F-4E44-B8D1-DF85F073D21E}
		{F61945BE-1109-4775-8061-133D56ECB441} = {8E410EA4-EF6F-4E44-B8D1-DF85F073D21E}
		{AECF8592-365F-4411-8B79-158D92ADC40A} = {8E410EA4-EF6F-4E44-B8D1-DF85F073D21E}
		{8DD66271-1B6F-419C-BE43-3AF6A7D422E8} = {8E410EA4-EF6F-4E44-B8D1-DF85F073D21E}
		{1F0CD641-3931-4EEF-9F6C-511602A68871} = {20D77545-7452-4CB8-971D-DAC259EFA28C}
		{6BC6349C-E355-4F1C-9290-FF755114A84B} = {1F0CD641-3931-4EEF-9F6C-511602A68871}
		{E3AB27F1-EB89-4C65-85DF-CB6A4F805753} = {1F0CD641-3931-4EEF-9F6C-511602A68871}
		{936B2819-2364-45D9-901D-52878914FAFA} = {1F0CD641-3931-4EEF-9F6C-511602A68871}
		{3A833C7A-C776-4202-9DBD-BC879B23C605} = {1F0CD641-3931-4EEF-9F6C-511602A68871}
	EndGlobalSection
EndGlobal
